
Microsoft Visual Studio Solution File, Format Version 11.00
# Visual Studio 2010
Project("{2150E333-8FDC-42A3-9474-1A3956D46DE8}") = "Docs", "Docs", "{D6B6BD71-E790-4DA2-93EE-AEFBC77A9FA1}"
	ProjectSection(SolutionItems) = preProject
		BUILD.txt = BUILD.txt
		CHANGELOG.txt = CHANGELOG.txt
		INSTALL.txt = INSTALL.txt
		LICENSE.txt = LICENSE.txt
		README.txt = README.txt
	EndProjectSection
EndProject
Project("{FAE04EC0-301F-11D3-BF4B-00C04F79EFBC}") = "SccAutoSwitcher", "SccAutoSwitcher\SccAutoSwitcher.csproj", "{7C197171-9B9D-4958-BCD0-4851C7E48F5C}"
EndProject
Global
	GlobalSection(SolutionConfigurationPlatforms) = preSolution
		Debug|Any CPU = Debug|Any CPU
		Release|Any CPU = Release|Any CPU
	EndGlobalSection
	GlobalSection(ProjectConfigurationPlatforms) = postSolution
		{7C197171-9B9D-4958-BCD0-4851C7E48F5C}.Debug|Any CPU.ActiveCfg = Debug|Any CPU
		{7C197171-9B9D-4958-BCD0-4851C7E48F5C}.Debug|Any CPU.Build.0 = Debug|Any CPU
		{7C197171-9B9D-4958-BCD0-4851C7E48F5C}.Release|Any CPU.ActiveCfg = Release|Any CPU
		{7C197171-9B9D-4958-BCD0-4851C7E48F5C}.Release|Any CPU.Build.0 = Release|Any CPU
	EndGlobalSection
	GlobalSection(SolutionProperties) = preSolution
		HideSolutionNode = FALSE
	EndGlobalSection
EndGlobal
